<?xml version="1.0" encoding="utf-8"?>
<Project ToolsVersion="4.0" xmlns="http://schemas.microsoft.com/developer/msbuild/2003">
  <ItemGroup>
    <Filter Include="Headers">
      <UniqueIdentifier>{93995380-89BD-4b04-88EB-625FBE52EBFB}</UniqueIdentifier>
      <Extensions>h;hpp;hxx;hm;inl;inc;xsd</Extensions>
    </Filter>
    <Filter Include="Sources">
      <UniqueIdentifier>{4FC737F1-C7A5-4376-A066-2A32D752A2FF}</UniqueIdentifier>
      <Extensions>cpp;c;cc;cxx;def;odl;idl;hpj;bat;asm;asmx</Extensions>
    </Filter>
    <Filter Include="Resources">
      <UniqueIdentifier>{67DA6AB6-F800-4c08-8B7A-83BB121AAD01}</UniqueIdentifier>
      <Extensions>rc;ico;cur;bmp;dlg;rc2;rct;bin;rgs;gif;jpg;jpeg;jpe;resx;tiff;tif;png;wav;mfcribbon-ms</Extensions>
    </Filter>
  </ItemGroup>
  <ItemGroup>
    <None Include="ReadMe.txt" />
    <None Include="res\chitai_na.rc2">
      <Filter>Resources</Filter>
    </None>
    <None Include="res\chitai_na.ico">
      <Filter>Resources</Filter>
    </None>
  </ItemGroup>
  <ItemGroup>
    <ClInclude Include="chitai_na.h">
      <Filter>Headers</Filter>
    </ClInclude>
    <ClInclude Include="chitai_naDlg.h">
      <Filter>Headers</Filter>
    </ClInclude>
    <ClInclude Include="stdafx.h">
      <Filter>Headers</Filter>
    </ClInclude>
    <ClInclude Include="targetver.h">
      <Filter>Headers</Filter>
    </ClInclude>
    <ClInclude Include="Resource.h">
      <Filter>Headers</Filter>
    </ClInclude>
    <ClInclude Include="CWMPControls.h">
      <Filter>Headers</Filter>
    </ClInclude>
    <ClInclude Include="CWMPMedia.h">
      <Filter>Headers</Filter>
    </ClInclude>
    <ClInclude Include="CWMPPlayer4.h">
      <Filter>Headers</Filter>
    </ClInclude>
    <ClInclude Include="CWMPSettings.h">
      <Filter>Headers</Filter>
    </ClInclude>
    <ClInclude Include="framework.h">
      <Filter>Headers</Filter>
    </ClInclude>
    <ClInclude Include="chitai_naAbout.h">
      <Filter>Headers</Filter>
    </ClInclude>
    <ClInclude Include="CResTree.h">
      <Filter>Headers</Filter>
    </ClInclude>
    <ClInclude Include="resource_lists.h">
      <Filter>Headers</Filter>
    </ClInclude>
  </ItemGroup>
  <ItemGroup>
    <ClCompile Include="chitai_na.cpp">
      <Filter>Sources</Filter>
    </ClCompile>
    <ClCompile Include="chitai_naDlg.cpp">
      <Filter>Sources</Filter>
    </ClCompile>
    <ClCompile Include="stdafx.cpp">
      <Filter>Sources</Filter>
    </ClCompile>
    <ClCompile Include="BitmapPicture.cpp">
      <Filter>Sources</Filter>
    </ClCompile>
    <ClCompile Include="chitai_naAbout.cpp">
      <Filter>Sources</Filter>
    </ClCompile>
    <ClCompile Include="CResTree.cpp">
      <Filter>Sources</Filter>
    </ClCompile>
  </ItemGroup>
  <ItemGroup>
    <ResourceCompile Include="chitai_na.rc">
      <Filter>Resources</Filter>
    </ResourceCompile>
  </ItemGroup>
  <ItemGroup>
    <Image Include="res\1.bmp">
      <Filter>Resources</Filter>
    </Image>
    <Image Include="res\2.bmp">
      <Filter>Resources</Filter>
    </Image>
    <Image Include="res\3.bmp">
      <Filter>Resources</Filter>
    </Image>
    <Image Include="res\4.bmp">
      <Filter>Resources</Filter>
    </Image>
    <Image Include="res\5.bmp">
      <Filter>Resources</Filter>
    </Image>
    <Image Include="res\6.bmp">
      <Filter>Resources</Filter>
    </Image>
    <Image Include="res\7.bmp">
      <Filter>Resources</Filter>
    </Image>
    <Image Include="res\8.bmp">
      <Filter>Resources</Filter>
    </Image>
    <Image Include="res\9.bmp">
      <Filter>Resources</Filter>
    </Image>
    <Image Include="res\10.bmp">
      <Filter>Resources</Filter>
    </Image>
    <Image Include="res\11.bmp">
      <Filter>Resources</Filter>
    </Image>
    <Image Include="res\12.bmp">
      <Filter>Resources</Filter>
    </Image>
    <Image Include="res\13.bmp">
      <Filter>Resources</Filter>
    </Image>
    <Image Include="res\14.bmp">
      <Filter>Resources</Filter>
    </Image>
    <Image Include="res\15.bmp">
      <Filter>Resources</Filter>
    </Image>
    <Image Include="res\16.bmp">
      <Filter>Resources</Filter>
    </Image>
    <Image Include="res\17.bmp">
      <Filter>Resources</Filter>
    </Image>
    <Image Include="res\18.bmp">
      <Filter>Resources</Filter>
    </Image>
    <Image Include="res\19.bmp">
      <Filter>Resources</Filter>
    </Image>
    <Image Include="res\20.bmp">
      <Filter>Resources</Filter>
    </Image>
    <Image Include="res\21.bmp">
      <Filter>Resources</Filter>
    </Image>
    <Image Include="res\22.bmp">
      <Filter>Resources</Filter>
    </Image>
    <Image Include="res\23.bmp">
      <Filter>Resources</Filter>
    </Image>
    <Image Include="res\24.bmp">
      <Filter>Resources</Filter>
    </Image>
    <Image Include="res\25.bmp">
      <Filter>Resources</Filter>
    </Image>
    <Image Include="res\26.bmp">
      <Filter>Resources</Filter>
    </Image>
    <Image Include="res\27.bmp">
      <Filter>Resources</Filter>
    </Image>
    <Image Include="res\28.bmp">
      <Filter>Resources</Filter>
    </Image>
    <Image Include="res\29.bmp">
      <Filter>Resources</Filter>
    </Image>
    <Image Include="res\30.bmp">
      <Filter>Resources</Filter>
    </Image>
    <Image Include="res\31.bmp">
      <Filter>Resources</Filter>
    </Image>
    <Image Include="res\32.bmp">
      <Filter>Resources</Filter>
    </Image>
    <Image Include="res\33.bmp">
      <Filter>Resources</Filter>
    </Image>
    <Image Include="res\34.bmp">
      <Filter>Resources</Filter>
    </Image>
    <Image Include="res\35.bmp">
      <Filter>Resources</Filter>
    </Image>
    <Image Include="res\36.bmp">
      <Filter>Resources</Filter>
    </Image>
    <Image Include="res\37.bmp">
      <Filter>Resources</Filter>
    </Image>
    <Image Include="res\38.bmp">
      <Filter>Resources</Filter>
    </Image>
    <Image Include="res\39.bmp">
      <Filter>Resources</Filter>
    </Image>
    <Image Include="res\40.bmp">
      <Filter>Resources</Filter>
    </Image>
    <Image Include="res\41.bmp">
      <Filter>Resources</Filter>
    </Image>
    <Image Include="res\42.bmp">
      <Filter>Resources</Filter>
    </Image>
    <Image Include="res\43.bmp">
      <Filter>Resources</Filter>
    </Image>
    <Image Include="res\44.bmp">
      <Filter>Resources</Filter>
    </Image>
    <Image Include="res\45.bmp">
      <Filter>Resources</Filter>
    </Image>
    <Image Include="res\46.bmp">
      <Filter>Resources</Filter>
    </Image>
    <Image Include="res\47.bmp">
      <Filter>Resources</Filter>
    </Image>
    <Image Include="res\48.bmp">
      <Filter>Resources</Filter>
    </Image>
    <Image Include="res\49.bmp">
      <Filter>Resources</Filter>
    </Image>
    <Image Include="res\50.bmp">
      <Filter>Resources</Filter>
    </Image>
    <Image Include="res\51.bmp">
      <Filter>Resources</Filter>
    </Image>
    <Image Include="res\52.bmp">
      <Filter>Resources</Filter>
    </Image>
    <Image Include="res\53.bmp">
      <Filter>Resources</Filter>
    </Image>
    <Image Include="res\54.bmp">
      <Filter>Resources</Filter>
    </Image>
    <Image Include="res\55.bmp">
      <Filter>Resources</Filter>
    </Image>
    <Image Include="res\56.bmp">
      <Filter>Resources</Filter>
    </Image>
    <Image Include="res\57.bmp">
      <Filter>Resources</Filter>
    </Image>
    <Image Include="res\58.bmp">
      <Filter>Resources</Filter>
    </Image>
    <Image Include="res\59.bmp">
      <Filter>Resources</Filter>
    </Image>
    <Image Include="res\60.bmp">
      <Filter>Resources</Filter>
    </Image>
    <Image Include="res\61.bmp">
      <Filter>Resources</Filter>
    </Image>
    <Image Include="res\62.bmp">
      <Filter>Resources</Filter>
    </Image>
    <Image Include="res\63.bmp">
      <Filter>Resources</Filter>
    </Image>
    <Image Include="res\64.bmp">
      <Filter>Resources</Filter>
    </Image>
    <Image Include="res\65.bmp">
      <Filter>Resources</Filter>
    </Image>
    <Image Include="res\66.bmp">
      <Filter>Resources</Filter>
    </Image>
    <Image Include="res\67.bmp">
      <Filter>Resources</Filter>
    </Image>
    <Image Include="res\68.bmp">
      <Filter>Resources</Filter>
    </Image>
    <Image Include="res\69.bmp">
      <Filter>Resources</Filter>
    </Image>
    <Image Include="res\70.bmp">
      <Filter>Resources</Filter>
    </Image>
    <Image Include="res\71.bmp">
      <Filter>Resources</Filter>
    </Image>
    <Image Include="res\72.bmp">
      <Filter>Resources</Filter>
    </Image>
    <Image Include="res\73.bmp">
      <Filter>Resources</Filter>
    </Image>
    <Image Include="res\74.bmp">
      <Filter>Resources</Filter>
    </Image>
    <Image Include="res\75.bmp">
      <Filter>Resources</Filter>
    </Image>
    <Image Include="res\76.bmp">
      <Filter>Resources</Filter>
    </Image>
    <Image Include="res\77.bmp">
      <Filter>Resources</Filter>
    </Image>
    <Image Include="res\78.bmp">
      <Filter>Resources</Filter>
    </Image>
    <Image Include="res\79.bmp">
      <Filter>Resources</Filter>
    </Image>
    <Image Include="res\80.bmp">
      <Filter>Resources</Filter>
    </Image>
    <Image Include="res\81.bmp">
      <Filter>Resources</Filter>
    </Image>
    <Image Include="res\82.bmp">
      <Filter>Resources</Filter>
    </Image>
    <Image Include="res\83.bmp">
      <Filter>Resources</Filter>
    </Image>
    <Image Include="res\84.bmp">
      <Filter>Resources</Filter>
    </Image>
    <Image Include="res\85.bmp">
      <Filter>Resources</Filter>
    </Image>
    <Image Include="res\86.bmp">
      <Filter>Resources</Filter>
    </Image>
    <Image Include="res\87.bmp">
      <Filter>Resources</Filter>
    </Image>
    <Image Include="res\88.bmp">
      <Filter>Resources</Filter>
    </Image>
    <Image Include="res\89.bmp">
      <Filter>Resources</Filter>
    </Image>
    <Image Include="res\90.bmp">
      <Filter>Resources</Filter>
    </Image>
    <Image Include="res\91.bmp">
      <Filter>Resources</Filter>
    </Image>
    <Image Include="res\92.bmp">
      <Filter>Resources</Filter>
    </Image>
    <Image Include="res\93.bmp">
      <Filter>Resources</Filter>
    </Image>
    <Image Include="res\94.bmp">
      <Filter>Resources</Filter>
    </Image>
    <Image Include="res\95.bmp">
      <Filter>Resources</Filter>
    </Image>
    <Image Include="res\96.bmp">
      <Filter>Resources</Filter>
    </Image>
    <Image Include="res\97.bmp">
      <Filter>Resources</Filter>
    </Image>
    <Image Include="res\98.bmp">
      <Filter>Resources</Filter>
    </Image>
    <Image Include="res\99.bmp">
      <Filter>Resources</Filter>
    </Image>
    <Image Include="res\100.bmp">
      <Filter>Resources</Filter>
    </Image>
    <Image Include="res\101.bmp">
      <Filter>Resources</Filter>
    </Image>
    <Image Include="res\102.bmp">
      <Filter>Resources</Filter>
    </Image>
    <Image Include="res\103.bmp">
      <Filter>Resources</Filter>
    </Image>
    <Image Include="res\104.bmp">
      <Filter>Resources</Filter>
    </Image>
    <Image Include="res\105.bmp">
      <Filter>Resources</Filter>
    </Image>
    <Image Include="res\106.bmp">
      <Filter>Resources</Filter>
    </Image>
    <Image Include="res\107.bmp">
      <Filter>Resources</Filter>
    </Image>
    <Image Include="res\108.bmp">
      <Filter>Resources</Filter>
    </Image>
    <Image Include="res\109.bmp">
      <Filter>Resources</Filter>
    </Image>
    <Image Include="res\110.bmp">
      <Filter>Resources</Filter>
    </Image>
    <Image Include="res\111.bmp">
      <Filter>Resources</Filter>
    </Image>
    <Image Include="res\112.bmp">
      <Filter>Resources</Filter>
    </Image>
    <Image Include="res\113.bmp">
      <Filter>Resources</Filter>
    </Image>
    <Image Include="res\114.bmp">
      <Filter>Resources</Filter>
    </Image>
    <Image Include="res\115.bmp">
      <Filter>Resources</Filter>
    </Image>
    <Image Include="res\116.bmp">
      <Filter>Resources</Filter>
    </Image>
    <Image Include="res\117.bmp">
      <Filter>Resources</Filter>
    </Image>
    <Image Include="res\118.bmp">
      <Filter>Resources</Filter>
    </Image>
    <Image Include="res\119.bmp">
      <Filter>Resources</Filter>
    </Image>
    <Image Include="res\120.bmp">
      <Filter>Resources</Filter>
    </Image>
    <Image Include="res\121.bmp">
      <Filter>Resources</Filter>
    </Image>
    <Image Include="res\122.bmp">
      <Filter>Resources</Filter>
    </Image>
    <Image Include="res\123.bmp">
      <Filter>Resources</Filter>
    </Image>
    <Image Include="res\124.bmp">
      <Filter>Resources</Filter>
    </Image>
    <Image Include="res\125.bmp">
      <Filter>Resources</Filter>
    </Image>
    <Image Include="res\126.bmp">
      <Filter>Resources</Filter>
    </Image>
    <Image Include="res\127.bmp">
      <Filter>Resources</Filter>
    </Image>
    <Image Include="res\128.bmp">
      <Filter>Resources</Filter>
    </Image>
    <Image Include="res\129.bmp">
      <Filter>Resources</Filter>
    </Image>
    <Image Include="res\130.bmp">
      <Filter>Resources</Filter>
    </Image>
    <Image Include="res\131.bmp">
      <Filter>Resources</Filter>
    </Image>
    <Image Include="res\132.bmp">
      <Filter>Resources</Filter>
    </Image>
    <Image Include="res\133.bmp">
      <Filter>Resources</Filter>
    </Image>
    <Image Include="res\134.bmp">
      <Filter>Resources</Filter>
    </Image>
    <Image Include="res\135.bmp">
      <Filter>Resources</Filter>
    </Image>
    <Image Include="res\136.bmp">
      <Filter>Resources</Filter>
    </Image>
    <Image Include="res\137.bmp">
      <Filter>Resources</Filter>
    </Image>
    <Image Include="res\138.bmp">
      <Filter>Resources</Filter>
    </Image>
    <Image Include="res\139.bmp">
      <Filter>Resources</Filter>
    </Image>
    <Image Include="res\140.bmp">
      <Filter>Resources</Filter>
    </Image>
    <Image Include="res\141.bmp">
      <Filter>Resources</Filter>
    </Image>
    <Image Include="res\142.bmp">
      <Filter>Resources</Filter>
    </Image>
    <Image Include="res\143.bmp">
      <Filter>Resources</Filter>
    </Image>
    <Image Include="res\144.bmp">
      <Filter>Resources</Filter>
    </Image>
    <Image Include="res\145.bmp">
      <Filter>Resources</Filter>
    </Image>
    <Image Include="res\146.bmp">
      <Filter>Resources</Filter>
    </Image>
    <Image Include="res\147.bmp">
      <Filter>Resources</Filter>
    </Image>
    <Image Include="res\148.bmp">
      <Filter>Resources</Filter>
    </Image>
    <Image Include="res\149.bmp">
      <Filter>Resources</Filter>
    </Image>
    <Image Include="res\150.bmp">
      <Filter>Resources</Filter>
    </Image>
    <Image Include="res\151.bmp">
      <Filter>Resources</Filter>
    </Image>
    <Image Include="res\152.bmp">
      <Filter>Resources</Filter>
    </Image>
    <Image Include="res\153.bmp">
      <Filter>Resources</Filter>
    </Image>
    <Image Include="res\154.bmp">
      <Filter>Resources</Filter>
    </Image>
    <Image Include="res\155.bmp">
      <Filter>Resources</Filter>
    </Image>
    <Image Include="res\156.bmp">
      <Filter>Resources</Filter>
    </Image>
    <Image Include="res\157.bmp">
      <Filter>Resources</Filter>
    </Image>
    <Image Include="res\158.bmp">
      <Filter>Resources</Filter>
    </Image>
    <Image Include="res\159.bmp">
      <Filter>Resources</Filter>
    </Image>
    <Image Include="res\160.bmp">
      <Filter>Resources</Filter>
    </Image>
    <Image Include="res\161.bmp">
      <Filter>Resources</Filter>
    </Image>
    <Image Include="res\162.bmp">
      <Filter>Resources</Filter>
    </Image>
    <Image Include="res\163.bmp">
      <Filter>Resources</Filter>
    </Image>
    <Image Include="res\164.bmp">
      <Filter>Resources</Filter>
    </Image>
    <Image Include="res\165.bmp">
      <Filter>Resources</Filter>
    </Image>
    <Image Include="res\166.bmp">
      <Filter>Resources</Filter>
    </Image>
    <Image Include="res\167.bmp">
      <Filter>Resources</Filter>
    </Image>
    <Image Include="res\168.bmp">
      <Filter>Resources</Filter>
    </Image>
    <Image Include="res\169.bmp">
      <Filter>Resources</Filter>
    </Image>
    <Image Include="res\170.bmp">
      <Filter>Resources</Filter>
    </Image>
    <Image Include="res\171.bmp">
      <Filter>Resources</Filter>
    </Image>
    <Image Include="res\172.bmp">
      <Filter>Resources</Filter>
    </Image>
    <Image Include="res\173.bmp">
      <Filter>Resources</Filter>
    </Image>
    <Image Include="res\174.bmp">
      <Filter>Resources</Filter>
    </Image>
    <Image Include="res\175.bmp">
      <Filter>Resources</Filter>
    </Image>
    <Image Include="res\176.bmp">
      <Filter>Resources</Filter>
    </Image>
    <Image Include="res\177.bmp">
      <Filter>Resources</Filter>
    </Image>
    <Image Include="res\178.bmp">
      <Filter>Resources</Filter>
    </Image>
    <Image Include="res\179.bmp">
      <Filter>Resources</Filter>
    </Image>
    <Image Include="res\180.bmp">
      <Filter>Resources</Filter>
    </Image>
    <Image Include="res\181.bmp">
      <Filter>Resources</Filter>
    </Image>
    <Image Include="res\182.bmp">
      <Filter>Resources</Filter>
    </Image>
    <Image Include="res\183.bmp">
      <Filter>Resources</Filter>
    </Image>
    <Image Include="res\184.bmp">
      <Filter>Resources</Filter>
    </Image>
    <Image Include="res\185.bmp">
      <Filter>Resources</Filter>
    </Image>
    <Image Include="res\186.bmp">
      <Filter>Resources</Filter>
    </Image>
    <Image Include="res\187.bmp">
      <Filter>Resources</Filter>
    </Image>
    <Image Include="res\188.bmp">
      <Filter>Resources</Filter>
    </Image>
    <Image Include="res\189.bmp">
      <Filter>Resources</Filter>
    </Image>
    <Image Include="res\190.bmp">
      <Filter>Resources</Filter>
    </Image>
    <Image Include="res\191.bmp">
      <Filter>Resources</Filter>
    </Image>
    <Image Include="res\192.bmp">
      <Filter>Resources</Filter>
    </Image>
    <Image Include="res\193.bmp">
      <Filter>Resources</Filter>
    </Image>
    <Image Include="res\194.bmp">
      <Filter>Resources</Filter>
    </Image>
    <Image Include="res\195.bmp">
      <Filter>Resources</Filter>
    </Image>
    <Image Include="res\196.bmp">
      <Filter>Resources</Filter>
    </Image>
    <Image Include="res\197.bmp">
      <Filter>Resources</Filter>
    </Image>
    <Image Include="res\198.bmp">
      <Filter>Resources</Filter>
    </Image>
    <Image Include="res\199.bmp">
      <Filter>Resources</Filter>
    </Image>
    <Image Include="res\200.bmp">
      <Filter>Resources</Filter>
    </Image>
    <Image Include="res\201.bmp">
      <Filter>Resources</Filter>
    </Image>
    <Image Include="res\202.bmp">
      <Filter>Resources</Filter>
    </Image>
    <Image Include="res\203.bmp">
      <Filter>Resources</Filter>
    </Image>
    <Image Include="res\204.bmp">
      <Filter>Resources</Filter>
    </Image>
    <Image Include="res\205.bmp">
      <Filter>Resources</Filter>
    </Image>
    <Image Include="res\206.bmp">
      <Filter>Resources</Filter>
    </Image>
    <Image Include="res\207.bmp">
      <Filter>Resources</Filter>
    </Image>
    <Image Include="res\208.bmp">
      <Filter>Resources</Filter>
    </Image>
    <Image Include="res\209.bmp">
      <Filter>Resources</Filter>
    </Image>
    <Image Include="res\210.bmp">
      <Filter>Resources</Filter>
    </Image>
    <Image Include="res\211.bmp">
      <Filter>Resources</Filter>
    </Image>
    <Image Include="res\212.bmp">
      <Filter>Resources</Filter>
    </Image>
    <Image Include="res\213.bmp">
      <Filter>Resources</Filter>
    </Image>
    <Image Include="res\214.bmp">
      <Filter>Resources</Filter>
    </Image>
  </ItemGroup>
</Project>